
Microsoft Visual Studio Solution File, Format Version 12.00
# Visual Studio 15
VisualStudioVersion = 15.0.27004.2009
MinimumVisualStudioVersion = 10.0.40219.1
Project("{2150E333-8FDC-42A3-9474-1A3956D46DE8}") = "src", "src", "{65B49900-8264-4D61-AB25-7E7F280BFE86}"
EndProject
Project("{2150E333-8FDC-42A3-9474-1A3956D46DE8}") = "Solution Items", "Solution Items", "{59ADD9C5-29CB-4DD0-9A12-1CB4ABE18390}"
	ProjectSection(SolutionItems) = preProject
		global.json = global.json
	EndProjectSection
EndProject
Project("{9A19103F-16F7-4668-BE54-9A1E7A4F7556}") = "dexih.api", "src\dexih.api\dexih.api.csproj", "{D6A6A91B-6B9C-4D79-8F6E-C602A3A90949}"
EndProject
Project("{9A19103F-16F7-4668-BE54-9A1E7A4F7556}") = "dexih.connections.azure", "..\dexih.transforms\src\dexih.connections.azure\dexih.connections.azure.csproj", "{967BB71E-1A71-46BD-A8D5-6177E497A5CF}"
EndProject
Project("{9A19103F-16F7-4668-BE54-9A1E7A4F7556}") = "dexih.connections.flatfile", "..\dexih.transforms\src\dexih.connections.flatfile\dexih.connections.flatfile.csproj", "{AA85EE23-D05D-4A98-9140-D18E13C1ECFF}"
EndProject
Project("{9A19103F-16F7-4668-BE54-9A1E7A4F7556}") = "dexih.connections.webservice.restful", "..\dexih.transforms\src\dexih.connections.webservice.restful\dexih.connections.webservice.restful.csproj", "{548EA10D-160E-4A7C-B52D-F0125666434F}"
EndProject
Project("{9A19103F-16F7-4668-BE54-9A1E7A4F7556}") = "dexih.functions", "..\dexih.transforms\src\dexih.functions\dexih.functions.csproj", "{2AF509D1-E623-43BC-9E1C-1ED142DDB1B6}"
EndProject
Project("{9A19103F-16F7-4668-BE54-9A1E7A4F7556}") = "dexih.transforms", "..\dexih.transforms\src\dexih.transforms\dexih.transforms.csproj", "{2361E841-8BAB-4863-8737-9EEA3A721490}"
EndProject
Project("{9A19103F-16F7-4668-BE54-9A1E7A4F7556}") = "dexih.connections.excel", "..\dexih.transforms\src\dexih.connections.excel\dexih.connections.excel.csproj", "{16D384D8-36D6-4A5E-AC87-DEA30F4E6082}"
EndProject
Project("{9A19103F-16F7-4668-BE54-9A1E7A4F7556}") = "dexih.connections.dexih", "..\dexih.transforms\src\dexih.connections.dexih\dexih.connections.dexih.csproj", "{158D2869-29BC-4B99-9AEB-20CBF1A30042}"
EndProject
Project("{2150E333-8FDC-42A3-9474-1A3956D46DE8}") = "test", "test", "{D70D0688-6E98-4EFE-94CA-911793A28467}"
EndProject
Project("{9A19103F-16F7-4668-BE54-9A1E7A4F7556}") = "dexih.websocket.tests", "test\dexih.websocket.tests\dexih.websocket.tests.csproj", "{833AD92B-8764-4BA2-8347-5E0032650556}"
EndProject
Project("{9A19103F-16F7-4668-BE54-9A1E7A4F7556}") = "dexih.connections.sftp", "..\dexih.transforms\src\dexih.connections.sftp\dexih.connections.sftp.csproj", "{190EFD31-CFE9-4FC0-B770-EAB522AA9A82}"
EndProject
Project("{9A19103F-16F7-4668-BE54-9A1E7A4F7556}") = "dexih.connections.ftp", "..\dexih.transforms\src\dexih.connections.ftp\dexih.connections.ftp.csproj", "{D99EA67D-6F7E-416C-A159-17C9E6A14575}"
EndProject
Project("{2150E333-8FDC-42A3-9474-1A3956D46DE8}") = "ext", "ext", "{E8D336AC-9BF4-4F7A-9F5C-BD19B87C9AA9}"
EndProject
Project("{9A19103F-16F7-4668-BE54-9A1E7A4F7556}") = "dexih.remote", "..\Dexih.App.Remote\src\dexih.remote\dexih.remote.csproj", "{25CA3B7B-C156-4D30-99FC-8BFB64D1B172}"
EndProject
Project("{9A19103F-16F7-4668-BE54-9A1E7A4F7556}") = "dexih.operations", "..\Dexih.App.Operations\src\dexih.operations\dexih.operations.csproj", "{86AFD478-6671-4109-91D7-B966BF43CA2B}"
EndProject
Project("{9A19103F-16F7-4668-BE54-9A1E7A4F7556}") = "dexih.repository", "..\Dexih.App.Operations\src\dexih.repository\dexih.repository.csproj", "{C0127EA5-5350-48A8-95DB-2A2F5439C8A6}"
EndProject
Project("{9A19103F-16F7-4668-BE54-9A1E7A4F7556}") = "dexih.remote.operations", "..\Dexih.App.Remote\src\dexih.remote.operations\dexih.remote.operations.csproj", "{E9E11A40-96F2-4A7D-9CA0-A8C199C6E2E6}"
EndProject
Project("{FAE04EC0-301F-11D3-BF4B-00C04F79EFBC}") = "dexih.connections.sqlserver", "..\dexih.transforms\src\dexih.connections.sqlserver\dexih.connections.sqlserver.csproj", "{7437D8A1-2F24-427A-BB7C-D0A06AF9B40D}"
EndProject
Project("{FAE04EC0-301F-11D3-BF4B-00C04F79EFBC}") = "dexih.connections.sqlite", "..\dexih.transforms\src\dexih.connections.sqlite\dexih.connections.sqlite.csproj", "{484F4486-B8EA-4234-9028-3EE195D9EA87}"
EndProject
Project("{FAE04EC0-301F-11D3-BF4B-00C04F79EFBC}") = "dexih.connections.postgressql", "..\dexih.transforms\src\dexih.connections.postgressql\dexih.connections.postgressql.csproj", "{87DB14FD-1152-4290-A0EB-79C1A3C23331}"
EndProject
Project("{FAE04EC0-301F-11D3-BF4B-00C04F79EFBC}") = "dexih.connections.oracle", "..\dexih.transforms\src\dexih.connections.oracle\dexih.connections.oracle.csproj", "{114DD640-F7BB-425F-8CF2-02E02E49CA6B}"
EndProject
Project("{FAE04EC0-301F-11D3-BF4B-00C04F79EFBC}") = "dexih.connections.mysql", "..\dexih.transforms\src\dexih.connections.mysql\dexih.connections.mysql.csproj", "{C95B09FC-BD90-4D1A-9D3F-627A89CC9AF6}"
EndProject
Project("{2150E333-8FDC-42A3-9474-1A3956D46DE8}") = "connections", "connections", "{7F056AB5-76B5-43A8-8668-A3C2C3302776}"
EndProject
Project("{2150E333-8FDC-42A3-9474-1A3956D46DE8}") = "shared", "shared", "{D66BF762-1BD9-4138-AB83-E8E1DE91DCB8}"
EndProject
Project("{FAE04EC0-301F-11D3-BF4B-00C04F79EFBC}") = "dexih.api.tests", "test\dexih.api.tests\dexih.api.tests.csproj", "{EDBDCFDC-5735-4A54-AE86-DD801B5FE31F}"
EndProject
Project("{FAE04EC0-301F-11D3-BF4B-00C04F79EFBC}") = "dexih.functions.builtIn", "..\dexih.transforms\src\dexih.functions.builtIn\dexih.functions.builtIn.csproj", "{6E897881-691B-4BC7-A8E9-8CA1B560E366}"
EndProject
Project("{FAE04EC0-301F-11D3-BF4B-00C04F79EFBC}") = "dexih.functions.external", "..\dexih.transforms\src\dexih.functions.external\dexih.functions.external.csproj", "{2F9523D8-0A8A-4F42-A87B-A3C5DCB92F9F}"
EndProject
Project("{FAE04EC0-301F-11D3-BF4B-00C04F79EFBC}") = "dexih.functions.financial", "..\dexih.transforms\src\dexih.functions.financial\dexih.functions.financial.csproj", "{C467BB5A-D51E-4C8C-8C8E-F3BC19AA1BBF}"
EndProject
Project("{FAE04EC0-301F-11D3-BF4B-00C04F79EFBC}") = "dexih.functions.ml", "..\dexih.transforms\src\dexih.functions.ml\dexih.functions.ml.csproj", "{D86CC0FD-C394-4837-BB15-192F6B0EEADB}"
EndProject
Project("{FAE04EC0-301F-11D3-BF4B-00C04F79EFBC}") = "dexih.functions.maths", "..\dexih.transforms\src\dexih.functions.maths\dexih.functions.maths.csproj", "{7114D2F2-3346-428D-9F14-F0468FF92258}"
EndProject
Project("{FAE04EC0-301F-11D3-BF4B-00C04F79EFBC}") = "dexih.proxy", "..\Dexih.App.Proxy\src\dexih.proxy\dexih.proxy.csproj", "{A4524BBD-1AE5-4D01-B172-0E547470BABD}"
EndProject
Global
	GlobalSection(SolutionConfigurationPlatforms) = preSolution
		Debug|Any CPU = Debug|Any CPU
		Debug|x64 = Debug|x64
		Debug|x86 = Debug|x86
		Release|Any CPU = Release|Any CPU
		Release|x64 = Release|x64
		Release|x86 = Release|x86
	EndGlobalSection
	GlobalSection(ProjectConfigurationPlatforms) = postSolution
		{D6A6A91B-6B9C-4D79-8F6E-C602A3A90949}.Debug|Any CPU.ActiveCfg = Debug|Any CPU
		{D6A6A91B-6B9C-4D79-8F6E-C602A3A90949}.Debug|Any CPU.Build.0 = Debug|Any CPU
		{D6A6A91B-6B9C-4D79-8F6E-C602A3A90949}.Debug|x64.ActiveCfg = Debug|Any CPU
		{D6A6A91B-6B9C-4D79-8F6E-C602A3A90949}.Debug|x64.Build.0 = Debug|Any CPU
		{D6A6A91B-6B9C-4D79-8F6E-C602A3A90949}.Debug|x86.ActiveCfg = Debug|Any CPU
		{D6A6A91B-6B9C-4D79-8F6E-C602A3A90949}.Debug|x86.Build.0 = Debug|Any CPU
		{D6A6A91B-6B9C-4D79-8F6E-C602A3A90949}.Release|Any CPU.ActiveCfg = Release|Any CPU
		{D6A6A91B-6B9C-4D79-8F6E-C602A3A90949}.Release|Any CPU.Build.0 = Release|Any CPU
		{D6A6A91B-6B9C-4D79-8F6E-C602A3A90949}.Release|x64.ActiveCfg = Release|Any CPU
		{D6A6A91B-6B9C-4D79-8F6E-C602A3A90949}.Release|x64.Build.0 = Release|Any CPU
		{D6A6A91B-6B9C-4D79-8F6E-C602A3A90949}.Release|x86.ActiveCfg = Release|Any CPU
		{D6A6A91B-6B9C-4D79-8F6E-C602A3A90949}.Release|x86.Build.0 = Release|Any CPU
		{967BB71E-1A71-46BD-A8D5-6177E497A5CF}.Debug|Any CPU.ActiveCfg = Debug|Any CPU
		{967BB71E-1A71-46BD-A8D5-6177E497A5CF}.Debug|Any CPU.Build.0 = Debug|Any CPU
		{967BB71E-1A71-46BD-A8D5-6177E497A5CF}.Debug|x64.ActiveCfg = Debug|Any CPU
		{967BB71E-1A71-46BD-A8D5-6177E497A5CF}.Debug|x64.Build.0 = Debug|Any CPU
		{967BB71E-1A71-46BD-A8D5-6177E497A5CF}.Debug|x86.ActiveCfg = Debug|Any CPU
		{967BB71E-1A71-46BD-A8D5-6177E497A5CF}.Debug|x86.Build.0 = Debug|Any CPU
		{967BB71E-1A71-46BD-A8D5-6177E497A5CF}.Release|Any CPU.ActiveCfg = Release|Any CPU
		{967BB71E-1A71-46BD-A8D5-6177E497A5CF}.Release|Any CPU.Build.0 = Release|Any CPU
		{967BB71E-1A71-46BD-A8D5-6177E497A5CF}.Release|x64.ActiveCfg = Release|Any CPU
		{967BB71E-1A71-46BD-A8D5-6177E497A5CF}.Release|x64.Build.0 = Release|Any CPU
		{967BB71E-1A71-46BD-A8D5-6177E497A5CF}.Release|x86.ActiveCfg = Release|Any CPU
		{967BB71E-1A71-46BD-A8D5-6177E497A5CF}.Release|x86.Build.0 = Release|Any CPU
		{AA85EE23-D05D-4A98-9140-D18E13C1ECFF}.Debug|Any CPU.ActiveCfg = Debug|Any CPU
		{AA85EE23-D05D-4A98-9140-D18E13C1ECFF}.Debug|Any CPU.Build.0 = Debug|Any CPU
		{AA85EE23-D05D-4A98-9140-D18E13C1ECFF}.Debug|x64.ActiveCfg = Debug|Any CPU
		{AA85EE23-D05D-4A98-9140-D18E13C1ECFF}.Debug|x64.Build.0 = Debug|Any CPU
		{AA85EE23-D05D-4A98-9140-D18E13C1ECFF}.Debug|x86.ActiveCfg = Debug|Any CPU
		{AA85EE23-D05D-4A98-9140-D18E13C1ECFF}.Debug|x86.Build.0 = Debug|Any CPU
		{AA85EE23-D05D-4A98-9140-D18E13C1ECFF}.Release|Any CPU.ActiveCfg = Release|Any CPU
		{AA85EE23-D05D-4A98-9140-D18E13C1ECFF}.Release|Any CPU.Build.0 = Release|Any CPU
		{AA85EE23-D05D-4A98-9140-D18E13C1ECFF}.Release|x64.ActiveCfg = Release|Any CPU
		{AA85EE23-D05D-4A98-9140-D18E13C1ECFF}.Release|x64.Build.0 = Release|Any CPU
		{AA85EE23-D05D-4A98-9140-D18E13C1ECFF}.Release|x86.ActiveCfg = Release|Any CPU
		{AA85EE23-D05D-4A98-9140-D18E13C1ECFF}.Release|x86.Build.0 = Release|Any CPU
		{548EA10D-160E-4A7C-B52D-F0125666434F}.Debug|Any CPU.ActiveCfg = Debug|Any CPU
		{548EA10D-160E-4A7C-B52D-F0125666434F}.Debug|Any CPU.Build.0 = Debug|Any CPU
		{548EA10D-160E-4A7C-B52D-F0125666434F}.Debug|x64.ActiveCfg = Debug|Any CPU
		{548EA10D-160E-4A7C-B52D-F0125666434F}.Debug|x64.Build.0 = Debug|Any CPU
		{548EA10D-160E-4A7C-B52D-F0125666434F}.Debug|x86.ActiveCfg = Debug|Any CPU
		{548EA10D-160E-4A7C-B52D-F0125666434F}.Debug|x86.Build.0 = Debug|Any CPU
		{548EA10D-160E-4A7C-B52D-F0125666434F}.Release|Any CPU.ActiveCfg = Release|Any CPU
		{548EA10D-160E-4A7C-B52D-F0125666434F}.Release|Any CPU.Build.0 = Release|Any CPU
		{548EA10D-160E-4A7C-B52D-F0125666434F}.Release|x64.ActiveCfg = Release|Any CPU
		{548EA10D-160E-4A7C-B52D-F0125666434F}.Release|x64.Build.0 = Release|Any CPU
		{548EA10D-160E-4A7C-B52D-F0125666434F}.Release|x86.ActiveCfg = Release|Any CPU
		{548EA10D-160E-4A7C-B52D-F0125666434F}.Release|x86.Build.0 = Release|Any CPU
		{2AF509D1-E623-43BC-9E1C-1ED142DDB1B6}.Debug|Any CPU.ActiveCfg = Debug|Any CPU
		{2AF509D1-E623-43BC-9E1C-1ED142DDB1B6}.Debug|Any CPU.Build.0 = Debug|Any CPU
		{2AF509D1-E623-43BC-9E1C-1ED142DDB1B6}.Debug|x64.ActiveCfg = Debug|Any CPU
		{2AF509D1-E623-43BC-9E1C-1ED142DDB1B6}.Debug|x64.Build.0 = Debug|Any CPU
		{2AF509D1-E623-43BC-9E1C-1ED142DDB1B6}.Debug|x86.ActiveCfg = Debug|Any CPU
		{2AF509D1-E623-43BC-9E1C-1ED142DDB1B6}.Debug|x86.Build.0 = Debug|Any CPU
		{2AF509D1-E623-43BC-9E1C-1ED142DDB1B6}.Release|Any CPU.ActiveCfg = Release|Any CPU
		{2AF509D1-E623-43BC-9E1C-1ED142DDB1B6}.Release|Any CPU.Build.0 = Release|Any CPU
		{2AF509D1-E623-43BC-9E1C-1ED142DDB1B6}.Release|x64.ActiveCfg = Release|Any CPU
		{2AF509D1-E623-43BC-9E1C-1ED142DDB1B6}.Release|x64.Build.0 = Release|Any CPU
		{2AF509D1-E623-43BC-9E1C-1ED142DDB1B6}.Release|x86.ActiveCfg = Release|Any CPU
		{2AF509D1-E623-43BC-9E1C-1ED142DDB1B6}.Release|x86.Build.0 = Release|Any CPU
		{2361E841-8BAB-4863-8737-9EEA3A721490}.Debug|Any CPU.ActiveCfg = Debug|Any CPU
		{2361E841-8BAB-4863-8737-9EEA3A721490}.Debug|Any CPU.Build.0 = Debug|Any CPU
		{2361E841-8BAB-4863-8737-9EEA3A721490}.Debug|x64.ActiveCfg = Debug|Any CPU
		{2361E841-8BAB-4863-8737-9EEA3A721490}.Debug|x64.Build.0 = Debug|Any CPU
		{2361E841-8BAB-4863-8737-9EEA3A721490}.Debug|x86.ActiveCfg = Debug|Any CPU
		{2361E841-8BAB-4863-8737-9EEA3A721490}.Debug|x86.Build.0 = Debug|Any CPU
		{2361E841-8BAB-4863-8737-9EEA3A721490}.Release|Any CPU.ActiveCfg = Release|Any CPU
		{2361E841-8BAB-4863-8737-9EEA3A721490}.Release|Any CPU.Build.0 = Release|Any CPU
		{2361E841-8BAB-4863-8737-9EEA3A721490}.Release|x64.ActiveCfg = Release|Any CPU
		{2361E841-8BAB-4863-8737-9EEA3A721490}.Release|x64.Build.0 = Release|Any CPU
		{2361E841-8BAB-4863-8737-9EEA3A721490}.Release|x86.ActiveCfg = Release|Any CPU
		{2361E841-8BAB-4863-8737-9EEA3A721490}.Release|x86.Build.0 = Release|Any CPU
		{16D384D8-36D6-4A5E-AC87-DEA30F4E6082}.Debug|Any CPU.ActiveCfg = Debug|Any CPU
		{16D384D8-36D6-4A5E-AC87-DEA30F4E6082}.Debug|Any CPU.Build.0 = Debug|Any CPU
		{16D384D8-36D6-4A5E-AC87-DEA30F4E6082}.Debug|x64.ActiveCfg = Debug|Any CPU
		{16D384D8-36D6-4A5E-AC87-DEA30F4E6082}.Debug|x64.Build.0 = Debug|Any CPU
		{16D384D8-36D6-4A5E-AC87-DEA30F4E6082}.Debug|x86.ActiveCfg = Debug|Any CPU
		{16D384D8-36D6-4A5E-AC87-DEA30F4E6082}.Debug|x86.Build.0 = Debug|Any CPU
		{16D384D8-36D6-4A5E-AC87-DEA30F4E6082}.Release|Any CPU.ActiveCfg = Release|Any CPU
		{16D384D8-36D6-4A5E-AC87-DEA30F4E6082}.Release|Any CPU.Build.0 = Release|Any CPU
		{16D384D8-36D6-4A5E-AC87-DEA30F4E6082}.Release|x64.ActiveCfg = Release|Any CPU
		{16D384D8-36D6-4A5E-AC87-DEA30F4E6082}.Release|x64.Build.0 = Release|Any CPU
		{16D384D8-36D6-4A5E-AC87-DEA30F4E6082}.Release|x86.ActiveCfg = Release|Any CPU
		{16D384D8-36D6-4A5E-AC87-DEA30F4E6082}.Release|x86.Build.0 = Release|Any CPU
		{158D2869-29BC-4B99-9AEB-20CBF1A30042}.Debug|Any CPU.ActiveCfg = Debug|Any CPU
		{158D2869-29BC-4B99-9AEB-20CBF1A30042}.Debug|Any CPU.Build.0 = Debug|Any CPU
		{158D2869-29BC-4B99-9AEB-20CBF1A30042}.Debug|x64.ActiveCfg = Debug|Any CPU
		{158D2869-29BC-4B99-9AEB-20CBF1A30042}.Debug|x64.Build.0 = Debug|Any CPU
		{158D2869-29BC-4B99-9AEB-20CBF1A30042}.Debug|x86.ActiveCfg = Debug|Any CPU
		{158D2869-29BC-4B99-9AEB-20CBF1A30042}.Debug|x86.Build.0 = Debug|Any CPU
		{158D2869-29BC-4B99-9AEB-20CBF1A30042}.Release|Any CPU.ActiveCfg = Release|Any CPU
		{158D2869-29BC-4B99-9AEB-20CBF1A30042}.Release|Any CPU.Build.0 = Release|Any CPU
		{158D2869-29BC-4B99-9AEB-20CBF1A30042}.Release|x64.ActiveCfg = Release|Any CPU
		{158D2869-29BC-4B99-9AEB-20CBF1A30042}.Release|x64.Build.0 = Release|Any CPU
		{158D2869-29BC-4B99-9AEB-20CBF1A30042}.Release|x86.ActiveCfg = Release|Any CPU
		{158D2869-29BC-4B99-9AEB-20CBF1A30042}.Release|x86.Build.0 = Release|Any CPU
		{833AD92B-8764-4BA2-8347-5E0032650556}.Debug|Any CPU.ActiveCfg = Debug|Any CPU
		{833AD92B-8764-4BA2-8347-5E0032650556}.Debug|Any CPU.Build.0 = Debug|Any CPU
		{833AD92B-8764-4BA2-8347-5E0032650556}.Debug|x64.ActiveCfg = Debug|Any CPU
		{833AD92B-8764-4BA2-8347-5E0032650556}.Debug|x64.Build.0 = Debug|Any CPU
		{833AD92B-8764-4BA2-8347-5E0032650556}.Debug|x86.ActiveCfg = Debug|Any CPU
		{833AD92B-8764-4BA2-8347-5E0032650556}.Debug|x86.Build.0 = Debug|Any CPU
		{833AD92B-8764-4BA2-8347-5E0032650556}.Release|Any CPU.ActiveCfg = Release|Any CPU
		{833AD92B-8764-4BA2-8347-5E0032650556}.Release|Any CPU.Build.0 = Release|Any CPU
		{833AD92B-8764-4BA2-8347-5E0032650556}.Release|x64.ActiveCfg = Release|Any CPU
		{833AD92B-8764-4BA2-8347-5E0032650556}.Release|x64.Build.0 = Release|Any CPU
		{833AD92B-8764-4BA2-8347-5E0032650556}.Release|x86.ActiveCfg = Release|Any CPU
		{833AD92B-8764-4BA2-8347-5E0032650556}.Release|x86.Build.0 = Release|Any CPU
		{190EFD31-CFE9-4FC0-B770-EAB522AA9A82}.Debug|Any CPU.ActiveCfg = Debug|Any CPU
		{190EFD31-CFE9-4FC0-B770-EAB522AA9A82}.Debug|Any CPU.Build.0 = Debug|Any CPU
		{190EFD31-CFE9-4FC0-B770-EAB522AA9A82}.Debug|x64.ActiveCfg = Debug|Any CPU
		{190EFD31-CFE9-4FC0-B770-EAB522AA9A82}.Debug|x64.Build.0 = Debug|Any CPU
		{190EFD31-CFE9-4FC0-B770-EAB522AA9A82}.Debug|x86.ActiveCfg = Debug|Any CPU
		{190EFD31-CFE9-4FC0-B770-EAB522AA9A82}.Debug|x86.Build.0 = Debug|Any CPU
		{190EFD31-CFE9-4FC0-B770-EAB522AA9A82}.Release|Any CPU.ActiveCfg = Release|Any CPU
		{190EFD31-CFE9-4FC0-B770-EAB522AA9A82}.Release|Any CPU.Build.0 = Release|Any CPU
		{190EFD31-CFE9-4FC0-B770-EAB522AA9A82}.Release|x64.ActiveCfg = Release|Any CPU
		{190EFD31-CFE9-4FC0-B770-EAB522AA9A82}.Release|x64.Build.0 = Release|Any CPU
		{190EFD31-CFE9-4FC0-B770-EAB522AA9A82}.Release|x86.ActiveCfg = Release|Any CPU
		{190EFD31-CFE9-4FC0-B770-EAB522AA9A82}.Release|x86.Build.0 = Release|Any CPU
		{D99EA67D-6F7E-416C-A159-17C9E6A14575}.Debug|Any CPU.ActiveCfg = Debug|Any CPU
		{D99EA67D-6F7E-416C-A159-17C9E6A14575}.Debug|Any CPU.Build.0 = Debug|Any CPU
		{D99EA67D-6F7E-416C-A159-17C9E6A14575}.Debug|x64.ActiveCfg = Debug|Any CPU
		{D99EA67D-6F7E-416C-A159-17C9E6A14575}.Debug|x64.Build.0 = Debug|Any CPU
		{D99EA67D-6F7E-416C-A159-17C9E6A14575}.Debug|x86.ActiveCfg = Debug|Any CPU
		{D99EA67D-6F7E-416C-A159-17C9E6A14575}.Debug|x86.Build.0 = Debug|Any CPU
		{D99EA67D-6F7E-416C-A159-17C9E6A14575}.Release|Any CPU.ActiveCfg = Release|Any CPU
		{D99EA67D-6F7E-416C-A159-17C9E6A14575}.Release|Any CPU.Build.0 = Release|Any CPU
		{D99EA67D-6F7E-416C-A159-17C9E6A14575}.Release|x64.ActiveCfg = Release|Any CPU
		{D99EA67D-6F7E-416C-A159-17C9E6A14575}.Release|x64.Build.0 = Release|Any CPU
		{D99EA67D-6F7E-416C-A159-17C9E6A14575}.Release|x86.ActiveCfg = Release|Any CPU
		{D99EA67D-6F7E-416C-A159-17C9E6A14575}.Release|x86.Build.0 = Release|Any CPU
		{25CA3B7B-C156-4D30-99FC-8BFB64D1B172}.Debug|Any CPU.ActiveCfg = Debug|Any CPU
		{25CA3B7B-C156-4D30-99FC-8BFB64D1B172}.Debug|Any CPU.Build.0 = Debug|Any CPU
		{25CA3B7B-C156-4D30-99FC-8BFB64D1B172}.Debug|x64.ActiveCfg = Debug|Any CPU
		{25CA3B7B-C156-4D30-99FC-8BFB64D1B172}.Debug|x64.Build.0 = Debug|Any CPU
		{25CA3B7B-C156-4D30-99FC-8BFB64D1B172}.Debug|x86.ActiveCfg = Debug|Any CPU
		{25CA3B7B-C156-4D30-99FC-8BFB64D1B172}.Debug|x86.Build.0 = Debug|Any CPU
		{25CA3B7B-C156-4D30-99FC-8BFB64D1B172}.Release|Any CPU.ActiveCfg = Release|Any CPU
		{25CA3B7B-C156-4D30-99FC-8BFB64D1B172}.Release|Any CPU.Build.0 = Release|Any CPU
		{25CA3B7B-C156-4D30-99FC-8BFB64D1B172}.Release|x64.ActiveCfg = Release|Any CPU
		{25CA3B7B-C156-4D30-99FC-8BFB64D1B172}.Release|x64.Build.0 = Release|Any CPU
		{25CA3B7B-C156-4D30-99FC-8BFB64D1B172}.Release|x86.ActiveCfg = Release|Any CPU
		{25CA3B7B-C156-4D30-99FC-8BFB64D1B172}.Release|x86.Build.0 = Release|Any CPU
		{86AFD478-6671-4109-91D7-B966BF43CA2B}.Debug|Any CPU.ActiveCfg = Debug|Any CPU
		{86AFD478-6671-4109-91D7-B966BF43CA2B}.Debug|Any CPU.Build.0 = Debug|Any CPU
		{86AFD478-6671-4109-91D7-B966BF43CA2B}.Debug|x64.ActiveCfg = Debug|Any CPU
		{86AFD478-6671-4109-91D7-B966BF43CA2B}.Debug|x64.Build.0 = Debug|Any CPU
		{86AFD478-6671-4109-91D7-B966BF43CA2B}.Debug|x86.ActiveCfg = Debug|Any CPU
		{86AFD478-6671-4109-91D7-B966BF43CA2B}.Debug|x86.Build.0 = Debug|Any CPU
		{86AFD478-6671-4109-91D7-B966BF43CA2B}.Release|Any CPU.ActiveCfg = Release|Any CPU
		{86AFD478-6671-4109-91D7-B966BF43CA2B}.Release|Any CPU.Build.0 = Release|Any CPU
		{86AFD478-6671-4109-91D7-B966BF43CA2B}.Release|x64.ActiveCfg = Release|Any CPU
		{86AFD478-6671-4109-91D7-B966BF43CA2B}.Release|x64.Build.0 = Release|Any CPU
		{86AFD478-6671-4109-91D7-B966BF43CA2B}.Release|x86.ActiveCfg = Release|Any CPU
		{86AFD478-6671-4109-91D7-B966BF43CA2B}.Release|x86.Build.0 = Release|Any CPU
		{C0127EA5-5350-48A8-95DB-2A2F5439C8A6}.Debug|Any CPU.ActiveCfg = Debug|Any CPU
		{C0127EA5-5350-48A8-95DB-2A2F5439C8A6}.Debug|Any CPU.Build.0 = Debug|Any CPU
		{C0127EA5-5350-48A8-95DB-2A2F5439C8A6}.Debug|x64.ActiveCfg = Debug|Any CPU
		{C0127EA5-5350-48A8-95DB-2A2F5439C8A6}.Debug|x64.Build.0 = Debug|Any CPU
		{C0127EA5-5350-48A8-95DB-2A2F5439C8A6}.Debug|x86.ActiveCfg = Debug|Any CPU
		{C0127EA5-5350-48A8-95DB-2A2F5439C8A6}.Debug|x86.Build.0 = Debug|Any CPU
		{C0127EA5-5350-48A8-95DB-2A2F5439C8A6}.Release|Any CPU.ActiveCfg = Release|Any CPU
		{C0127EA5-5350-48A8-95DB-2A2F5439C8A6}.Release|Any CPU.Build.0 = Release|Any CPU
		{C0127EA5-5350-48A8-95DB-2A2F5439C8A6}.Release|x64.ActiveCfg = Release|Any CPU
		{C0127EA5-5350-48A8-95DB-2A2F5439C8A6}.Release|x64.Build.0 = Release|Any CPU
		{C0127EA5-5350-48A8-95DB-2A2F5439C8A6}.Release|x86.ActiveCfg = Release|Any CPU
		{C0127EA5-5350-48A8-95DB-2A2F5439C8A6}.Release|x86.Build.0 = Release|Any CPU
		{E9E11A40-96F2-4A7D-9CA0-A8C199C6E2E6}.Debug|Any CPU.ActiveCfg = Debug|Any CPU
		{E9E11A40-96F2-4A7D-9CA0-A8C199C6E2E6}.Debug|Any CPU.Build.0 = Debug|Any CPU
		{E9E11A40-96F2-4A7D-9CA0-A8C199C6E2E6}.Debug|x64.ActiveCfg = Debug|Any CPU
		{E9E11A40-96F2-4A7D-9CA0-A8C199C6E2E6}.Debug|x64.Build.0 = Debug|Any CPU
		{E9E11A40-96F2-4A7D-9CA0-A8C199C6E2E6}.Debug|x86.ActiveCfg = Debug|Any CPU
		{E9E11A40-96F2-4A7D-9CA0-A8C199C6E2E6}.Debug|x86.Build.0 = Debug|Any CPU
		{E9E11A40-96F2-4A7D-9CA0-A8C199C6E2E6}.Release|Any CPU.ActiveCfg = Release|Any CPU
		{E9E11A40-96F2-4A7D-9CA0-A8C199C6E2E6}.Release|Any CPU.Build.0 = Release|Any CPU
		{E9E11A40-96F2-4A7D-9CA0-A8C199C6E2E6}.Release|x64.ActiveCfg = Release|Any CPU
		{E9E11A40-96F2-4A7D-9CA0-A8C199C6E2E6}.Release|x64.Build.0 = Release|Any CPU
		{E9E11A40-96F2-4A7D-9CA0-A8C199C6E2E6}.Release|x86.ActiveCfg = Release|Any CPU
		{E9E11A40-96F2-4A7D-9CA0-A8C199C6E2E6}.Release|x86.Build.0 = Release|Any CPU
		{7437D8A1-2F24-427A-BB7C-D0A06AF9B40D}.Debug|Any CPU.ActiveCfg = Debug|Any CPU
		{7437D8A1-2F24-427A-BB7C-D0A06AF9B40D}.Debug|Any CPU.Build.0 = Debug|Any CPU
		{7437D8A1-2F24-427A-BB7C-D0A06AF9B40D}.Debug|x64.ActiveCfg = Debug|Any CPU
		{7437D8A1-2F24-427A-BB7C-D0A06AF9B40D}.Debug|x64.Build.0 = Debug|Any CPU
		{7437D8A1-2F24-427A-BB7C-D0A06AF9B40D}.Debug|x86.ActiveCfg = Debug|Any CPU
		{7437D8A1-2F24-427A-BB7C-D0A06AF9B40D}.Debug|x86.Build.0 = Debug|Any CPU
		{7437D8A1-2F24-427A-BB7C-D0A06AF9B40D}.Release|Any CPU.ActiveCfg = Release|Any CPU
		{7437D8A1-2F24-427A-BB7C-D0A06AF9B40D}.Release|Any CPU.Build.0 = Release|Any CPU
		{7437D8A1-2F24-427A-BB7C-D0A06AF9B40D}.Release|x64.ActiveCfg = Release|Any CPU
		{7437D8A1-2F24-427A-BB7C-D0A06AF9B40D}.Release|x64.Build.0 = Release|Any CPU
		{7437D8A1-2F24-427A-BB7C-D0A06AF9B40D}.Release|x86.ActiveCfg = Release|Any CPU
		{7437D8A1-2F24-427A-BB7C-D0A06AF9B40D}.Release|x86.Build.0 = Release|Any CPU
		{484F4486-B8EA-4234-9028-3EE195D9EA87}.Debug|Any CPU.ActiveCfg = Debug|Any CPU
		{484F4486-B8EA-4234-9028-3EE195D9EA87}.Debug|Any CPU.Build.0 = Debug|Any CPU
		{484F4486-B8EA-4234-9028-3EE195D9EA87}.Debug|x64.ActiveCfg = Debug|Any CPU
		{484F4486-B8EA-4234-9028-3EE195D9EA87}.Debug|x64.Build.0 = Debug|Any CPU
		{484F4486-B8EA-4234-9028-3EE195D9EA87}.Debug|x86.ActiveCfg = Debug|Any CPU
		{484F4486-B8EA-4234-9028-3EE195D9EA87}.Debug|x86.Build.0 = Debug|Any CPU
		{484F4486-B8EA-4234-9028-3EE195D9EA87}.Release|Any CPU.ActiveCfg = Release|Any CPU
		{484F4486-B8EA-4234-9028-3EE195D9EA87}.Release|Any CPU.Build.0 = Release|Any CPU
		{484F4486-B8EA-4234-9028-3EE195D9EA87}.Release|x64.ActiveCfg = Release|Any CPU
		{484F4486-B8EA-4234-9028-3EE195D9EA87}.Release|x64.Build.0 = Release|Any CPU
		{484F4486-B8EA-4234-9028-3EE195D9EA87}.Release|x86.ActiveCfg = Release|Any CPU
		{484F4486-B8EA-4234-9028-3EE195D9EA87}.Release|x86.Build.0 = Release|Any CPU
		{87DB14FD-1152-4290-A0EB-79C1A3C23331}.Debug|Any CPU.ActiveCfg = Debug|Any CPU
		{87DB14FD-1152-4290-A0EB-79C1A3C23331}.Debug|Any CPU.Build.0 = Debug|Any CPU
		{87DB14FD-1152-4290-A0EB-79C1A3C23331}.Debug|x64.ActiveCfg = Debug|Any CPU
		{87DB14FD-1152-4290-A0EB-79C1A3C23331}.Debug|x64.Build.0 = Debug|Any CPU
		{87DB14FD-1152-4290-A0EB-79C1A3C23331}.Debug|x86.ActiveCfg = Debug|Any CPU
		{87DB14FD-1152-4290-A0EB-79C1A3C23331}.Debug|x86.Build.0 = Debug|Any CPU
		{87DB14FD-1152-4290-A0EB-79C1A3C23331}.Release|Any CPU.ActiveCfg = Release|Any CPU
		{87DB14FD-1152-4290-A0EB-79C1A3C23331}.Release|Any CPU.Build.0 = Release|Any CPU
		{87DB14FD-1152-4290-A0EB-79C1A3C23331}.Release|x64.ActiveCfg = Release|Any CPU
		{87DB14FD-1152-4290-A0EB-79C1A3C23331}.Release|x64.Build.0 = Release|Any CPU
		{87DB14FD-1152-4290-A0EB-79C1A3C23331}.Release|x86.ActiveCfg = Release|Any CPU
		{87DB14FD-1152-4290-A0EB-79C1A3C23331}.Release|x86.Build.0 = Release|Any CPU
		{114DD640-F7BB-425F-8CF2-02E02E49CA6B}.Debug|Any CPU.ActiveCfg = Debug|Any CPU
		{114DD640-F7BB-425F-8CF2-02E02E49CA6B}.Debug|Any CPU.Build.0 = Debug|Any CPU
		{114DD640-F7BB-425F-8CF2-02E02E49CA6B}.Debug|x64.ActiveCfg = Debug|Any CPU
		{114DD640-F7BB-425F-8CF2-02E02E49CA6B}.Debug|x64.Build.0 = Debug|Any CPU
		{114DD640-F7BB-425F-8CF2-02E02E49CA6B}.Debug|x86.ActiveCfg = Debug|Any CPU
		{114DD640-F7BB-425F-8CF2-02E02E49CA6B}.Debug|x86.Build.0 = Debug|Any CPU
		{114DD640-F7BB-425F-8CF2-02E02E49CA6B}.Release|Any CPU.ActiveCfg = Release|Any CPU
		{114DD640-F7BB-425F-8CF2-02E02E49CA6B}.Release|Any CPU.Build.0 = Release|Any CPU
		{114DD640-F7BB-425F-8CF2-02E02E49CA6B}.Release|x64.ActiveCfg = Release|Any CPU
		{114DD640-F7BB-425F-8CF2-02E02E49CA6B}.Release|x64.Build.0 = Release|Any CPU
		{114DD640-F7BB-425F-8CF2-02E02E49CA6B}.Release|x86.ActiveCfg = Release|Any CPU
		{114DD640-F7BB-425F-8CF2-02E02E49CA6B}.Release|x86.Build.0 = Release|Any CPU
		{C95B09FC-BD90-4D1A-9D3F-627A89CC9AF6}.Debug|Any CPU.ActiveCfg = Debug|Any CPU
		{C95B09FC-BD90-4D1A-9D3F-627A89CC9AF6}.Debug|Any CPU.Build.0 = Debug|Any CPU
		{C95B09FC-BD90-4D1A-9D3F-627A89CC9AF6}.Debug|x64.ActiveCfg = Debug|Any CPU
		{C95B09FC-BD90-4D1A-9D3F-627A89CC9AF6}.Debug|x64.Build.0 = Debug|Any CPU
		{C95B09FC-BD90-4D1A-9D3F-627A89CC9AF6}.Debug|x86.ActiveCfg = Debug|Any CPU
		{C95B09FC-BD90-4D1A-9D3F-627A89CC9AF6}.Debug|x86.Build.0 = Debug|Any CPU
		{C95B09FC-BD90-4D1A-9D3F-627A89CC9AF6}.Release|Any CPU.ActiveCfg = Release|Any CPU
		{C95B09FC-BD90-4D1A-9D3F-627A89CC9AF6}.Release|Any CPU.Build.0 = Release|Any CPU
		{C95B09FC-BD90-4D1A-9D3F-627A89CC9AF6}.Release|x64.ActiveCfg = Release|Any CPU
		{C95B09FC-BD90-4D1A-9D3F-627A89CC9AF6}.Release|x64.Build.0 = Release|Any CPU
		{C95B09FC-BD90-4D1A-9D3F-627A89CC9AF6}.Release|x86.ActiveCfg = Release|Any CPU
		{C95B09FC-BD90-4D1A-9D3F-627A89CC9AF6}.Release|x86.Build.0 = Release|Any CPU
		{EDBDCFDC-5735-4A54-AE86-DD801B5FE31F}.Debug|Any CPU.ActiveCfg = Debug|Any CPU
		{EDBDCFDC-5735-4A54-AE86-DD801B5FE31F}.Debug|Any CPU.Build.0 = Debug|Any CPU
		{EDBDCFDC-5735-4A54-AE86-DD801B5FE31F}.Debug|x64.ActiveCfg = Debug|Any CPU
		{EDBDCFDC-5735-4A54-AE86-DD801B5FE31F}.Debug|x64.Build.0 = Debug|Any CPU
		{EDBDCFDC-5735-4A54-AE86-DD801B5FE31F}.Debug|x86.ActiveCfg = Debug|Any CPU
		{EDBDCFDC-5735-4A54-AE86-DD801B5FE31F}.Debug|x86.Build.0 = Debug|Any CPU
		{EDBDCFDC-5735-4A54-AE86-DD801B5FE31F}.Release|Any CPU.ActiveCfg = Release|Any CPU
		{EDBDCFDC-5735-4A54-AE86-DD801B5FE31F}.Release|Any CPU.Build.0 = Release|Any CPU
		{EDBDCFDC-5735-4A54-AE86-DD801B5FE31F}.Release|x64.ActiveCfg = Release|Any CPU
		{EDBDCFDC-5735-4A54-AE86-DD801B5FE31F}.Release|x64.Build.0 = Release|Any CPU
		{EDBDCFDC-5735-4A54-AE86-DD801B5FE31F}.Release|x86.ActiveCfg = Release|Any CPU
		{EDBDCFDC-5735-4A54-AE86-DD801B5FE31F}.Release|x86.Build.0 = Release|Any CPU
		{6E897881-691B-4BC7-A8E9-8CA1B560E366}.Debug|Any CPU.ActiveCfg = Debug|Any CPU
		{6E897881-691B-4BC7-A8E9-8CA1B560E366}.Debug|Any CPU.Build.0 = Debug|Any CPU
		{6E897881-691B-4BC7-A8E9-8CA1B560E366}.Debug|x64.ActiveCfg = Debug|Any CPU
		{6E897881-691B-4BC7-A8E9-8CA1B560E366}.Debug|x64.Build.0 = Debug|Any CPU
		{6E897881-691B-4BC7-A8E9-8CA1B560E366}.Debug|x86.ActiveCfg = Debug|Any CPU
		{6E897881-691B-4BC7-A8E9-8CA1B560E366}.Debug|x86.Build.0 = Debug|Any CPU
		{6E897881-691B-4BC7-A8E9-8CA1B560E366}.Release|Any CPU.ActiveCfg = Release|Any CPU
		{6E897881-691B-4BC7-A8E9-8CA1B560E366}.Release|Any CPU.Build.0 = Release|Any CPU
		{6E897881-691B-4BC7-A8E9-8CA1B560E366}.Release|x64.ActiveCfg = Release|Any CPU
		{6E897881-691B-4BC7-A8E9-8CA1B560E366}.Release|x64.Build.0 = Release|Any CPU
		{6E897881-691B-4BC7-A8E9-8CA1B560E366}.Release|x86.ActiveCfg = Release|Any CPU
		{6E897881-691B-4BC7-A8E9-8CA1B560E366}.Release|x86.Build.0 = Release|Any CPU
		{2F9523D8-0A8A-4F42-A87B-A3C5DCB92F9F}.Debug|Any CPU.ActiveCfg = Debug|Any CPU
		{2F9523D8-0A8A-4F42-A87B-A3C5DCB92F9F}.Debug|Any CPU.Build.0 = Debug|Any CPU
		{2F9523D8-0A8A-4F42-A87B-A3C5DCB92F9F}.Debug|x64.ActiveCfg = Debug|Any CPU
		{2F9523D8-0A8A-4F42-A87B-A3C5DCB92F9F}.Debug|x64.Build.0 = Debug|Any CPU
		{2F9523D8-0A8A-4F42-A87B-A3C5DCB92F9F}.Debug|x86.ActiveCfg = Debug|Any CPU
		{2F9523D8-0A8A-4F42-A87B-A3C5DCB92F9F}.Debug|x86.Build.0 = Debug|Any CPU
		{2F9523D8-0A8A-4F42-A87B-A3C5DCB92F9F}.Release|Any CPU.ActiveCfg = Release|Any CPU
		{2F9523D8-0A8A-4F42-A87B-A3C5DCB92F9F}.Release|Any CPU.Build.0 = Release|Any CPU
		{2F9523D8-0A8A-4F42-A87B-A3C5DCB92F9F}.Release|x64.ActiveCfg = Release|Any CPU
		{2F9523D8-0A8A-4F42-A87B-A3C5DCB92F9F}.Release|x64.Build.0 = Release|Any CPU
		{2F9523D8-0A8A-4F42-A87B-A3C5DCB92F9F}.Release|x86.ActiveCfg = Release|Any CPU
		{2F9523D8-0A8A-4F42-A87B-A3C5DCB92F9F}.Release|x86.Build.0 = Release|Any CPU
		{C467BB5A-D51E-4C8C-8C8E-F3BC19AA1BBF}.Debug|Any CPU.ActiveCfg = Debug|Any CPU
		{C467BB5A-D51E-4C8C-8C8E-F3BC19AA1BBF}.Debug|Any CPU.Build.0 = Debug|Any CPU
		{C467BB5A-D51E-4C8C-8C8E-F3BC19AA1BBF}.Debug|x64.ActiveCfg = Debug|Any CPU
		{C467BB5A-D51E-4C8C-8C8E-F3BC19AA1BBF}.Debug|x64.Build.0 = Debug|Any CPU
		{C467BB5A-D51E-4C8C-8C8E-F3BC19AA1BBF}.Debug|x86.ActiveCfg = Debug|Any CPU
		{C467BB5A-D51E-4C8C-8C8E-F3BC19AA1BBF}.Debug|x86.Build.0 = Debug|Any CPU
		{C467BB5A-D51E-4C8C-8C8E-F3BC19AA1BBF}.Release|Any CPU.ActiveCfg = Release|Any CPU
		{C467BB5A-D51E-4C8C-8C8E-F3BC19AA1BBF}.Release|Any CPU.Build.0 = Release|Any CPU
		{C467BB5A-D51E-4C8C-8C8E-F3BC19AA1BBF}.Release|x64.ActiveCfg = Release|Any CPU
		{C467BB5A-D51E-4C8C-8C8E-F3BC19AA1BBF}.Release|x64.Build.0 = Release|Any CPU
		{C467BB5A-D51E-4C8C-8C8E-F3BC19AA1BBF}.Release|x86.ActiveCfg = Release|Any CPU
		{C467BB5A-D51E-4C8C-8C8E-F3BC19AA1BBF}.Release|x86.Build.0 = Release|Any CPU
		{D86CC0FD-C394-4837-BB15-192F6B0EEADB}.Debug|Any CPU.ActiveCfg = Debug|Any CPU
		{D86CC0FD-C394-4837-BB15-192F6B0EEADB}.Debug|Any CPU.Build.0 = Debug|Any CPU
		{D86CC0FD-C394-4837-BB15-192F6B0EEADB}.Debug|x64.ActiveCfg = Debug|Any CPU
		{D86CC0FD-C394-4837-BB15-192F6B0EEADB}.Debug|x64.Build.0 = Debug|Any CPU
		{D86CC0FD-C394-4837-BB15-192F6B0EEADB}.Debug|x86.ActiveCfg = Debug|Any CPU
		{D86CC0FD-C394-4837-BB15-192F6B0EEADB}.Debug|x86.Build.0 = Debug|Any CPU
		{D86CC0FD-C394-4837-BB15-192F6B0EEADB}.Release|Any CPU.ActiveCfg = Release|Any CPU
		{D86CC0FD-C394-4837-BB15-192F6B0EEADB}.Release|Any CPU.Build.0 = Release|Any CPU
		{D86CC0FD-C394-4837-BB15-192F6B0EEADB}.Release|x64.ActiveCfg = Release|Any CPU
		{D86CC0FD-C394-4837-BB15-192F6B0EEADB}.Release|x64.Build.0 = Release|Any CPU
		{D86CC0FD-C394-4837-BB15-192F6B0EEADB}.Release|x86.ActiveCfg = Release|Any CPU
		{D86CC0FD-C394-4837-BB15-192F6B0EEADB}.Release|x86.Build.0 = Release|Any CPU
		{7114D2F2-3346-428D-9F14-F0468FF92258}.Debug|Any CPU.ActiveCfg = Debug|Any CPU
		{7114D2F2-3346-428D-9F14-F0468FF92258}.Debug|Any CPU.Build.0 = Debug|Any CPU
		{7114D2F2-3346-428D-9F14-F0468FF92258}.Debug|x64.ActiveCfg = Debug|Any CPU
		{7114D2F2-3346-428D-9F14-F0468FF92258}.Debug|x64.Build.0 = Debug|Any CPU
		{7114D2F2-3346-428D-9F14-F0468FF92258}.Debug|x86.ActiveCfg = Debug|Any CPU
		{7114D2F2-3346-428D-9F14-F0468FF92258}.Debug|x86.Build.0 = Debug|Any CPU
		{7114D2F2-3346-428D-9F14-F0468FF92258}.Release|Any CPU.ActiveCfg = Release|Any CPU
		{7114D2F2-3346-428D-9F14-F0468FF92258}.Release|Any CPU.Build.0 = Release|Any CPU
		{7114D2F2-3346-428D-9F14-F0468FF92258}.Release|x64.ActiveCfg = Release|Any CPU
		{7114D2F2-3346-428D-9F14-F0468FF92258}.Release|x64.Build.0 = Release|Any CPU
		{7114D2F2-3346-428D-9F14-F0468FF92258}.Release|x86.ActiveCfg = Release|Any CPU
		{7114D2F2-3346-428D-9F14-F0468FF92258}.Release|x86.Build.0 = Release|Any CPU
		{A4524BBD-1AE5-4D01-B172-0E547470BABD}.Debug|Any CPU.ActiveCfg = Debug|Any CPU
		{A4524BBD-1AE5-4D01-B172-0E547470BABD}.Debug|Any CPU.Build.0 = Debug|Any CPU
		{A4524BBD-1AE5-4D01-B172-0E547470BABD}.Debug|x64.ActiveCfg = Debug|Any CPU
		{A4524BBD-1AE5-4D01-B172-0E547470BABD}.Debug|x64.Build.0 = Debug|Any CPU
		{A4524BBD-1AE5-4D01-B172-0E547470BABD}.Debug|x86.ActiveCfg = Debug|Any CPU
		{A4524BBD-1AE5-4D01-B172-0E547470BABD}.Debug|x86.Build.0 = Debug|Any CPU
		{A4524BBD-1AE5-4D01-B172-0E547470BABD}.Release|Any CPU.ActiveCfg = Release|Any CPU
		{A4524BBD-1AE5-4D01-B172-0E547470BABD}.Release|Any CPU.Build.0 = Release|Any CPU
		{A4524BBD-1AE5-4D01-B172-0E547470BABD}.Release|x64.ActiveCfg = Release|Any CPU
		{A4524BBD-1AE5-4D01-B172-0E547470BABD}.Release|x64.Build.0 = Release|Any CPU
		{A4524BBD-1AE5-4D01-B172-0E547470BABD}.Release|x86.ActiveCfg = Release|Any CPU
		{A4524BBD-1AE5-4D01-B172-0E547470BABD}.Release|x86.Build.0 = Release|Any CPU
	EndGlobalSection
	GlobalSection(SolutionProperties) = preSolution
		HideSolutionNode = FALSE
	EndGlobalSection
	GlobalSection(NestedProjects) = preSolution
		{D6A6A91B-6B9C-4D79-8F6E-C602A3A90949} = {65B49900-8264-4D61-AB25-7E7F280BFE86}
		{2AF509D1-E623-43BC-9E1C-1ED142DDB1B6} = {E8D336AC-9BF4-4F7A-9F5C-BD19B87C9AA9}
		{2361E841-8BAB-4863-8737-9EEA3A721490} = {E8D336AC-9BF4-4F7A-9F5C-BD19B87C9AA9}
		{833AD92B-8764-4BA2-8347-5E0032650556} = {D70D0688-6E98-4EFE-94CA-911793A28467}
		{25CA3B7B-C156-4D30-99FC-8BFB64D1B172} = {E8D336AC-9BF4-4F7A-9F5C-BD19B87C9AA9}
		{86AFD478-6671-4109-91D7-B966BF43CA2B} = {E8D336AC-9BF4-4F7A-9F5C-BD19B87C9AA9}
		{C0127EA5-5350-48A8-95DB-2A2F5439C8A6} = {E8D336AC-9BF4-4F7A-9F5C-BD19B87C9AA9}
		{E9E11A40-96F2-4A7D-9CA0-A8C199C6E2E6} = {E8D336AC-9BF4-4F7A-9F5C-BD19B87C9AA9}
		{16D384D8-36D6-4A5E-AC87-DEA30F4E6082} = {7F056AB5-76B5-43A8-8668-A3C2C3302776}
		{967BB71E-1A71-46BD-A8D5-6177E497A5CF} = {7F056AB5-76B5-43A8-8668-A3C2C3302776}
		{158D2869-29BC-4B99-9AEB-20CBF1A30042} = {7F056AB5-76B5-43A8-8668-A3C2C3302776}
		{AA85EE23-D05D-4A98-9140-D18E13C1ECFF} = {7F056AB5-76B5-43A8-8668-A3C2C3302776}
		{D99EA67D-6F7E-416C-A159-17C9E6A14575} = {7F056AB5-76B5-43A8-8668-A3C2C3302776}
		{C95B09FC-BD90-4D1A-9D3F-627A89CC9AF6} = {7F056AB5-76B5-43A8-8668-A3C2C3302776}
		{114DD640-F7BB-425F-8CF2-02E02E49CA6B} = {7F056AB5-76B5-43A8-8668-A3C2C3302776}
		{87DB14FD-1152-4290-A0EB-79C1A3C23331} = {7F056AB5-76B5-43A8-8668-A3C2C3302776}
		{190EFD31-CFE9-4FC0-B770-EAB522AA9A82} = {7F056AB5-76B5-43A8-8668-A3C2C3302776}
		{484F4486-B8EA-4234-9028-3EE195D9EA87} = {7F056AB5-76B5-43A8-8668-A3C2C3302776}
		{7437D8A1-2F24-427A-BB7C-D0A06AF9B40D} = {7F056AB5-76B5-43A8-8668-A3C2C3302776}
		{548EA10D-160E-4A7C-B52D-F0125666434F} = {7F056AB5-76B5-43A8-8668-A3C2C3302776}
		{EDBDCFDC-5735-4A54-AE86-DD801B5FE31F} = {D70D0688-6E98-4EFE-94CA-911793A28467}
		{6E897881-691B-4BC7-A8E9-8CA1B560E366} = {E8D336AC-9BF4-4F7A-9F5C-BD19B87C9AA9}
		{2F9523D8-0A8A-4F42-A87B-A3C5DCB92F9F} = {E8D336AC-9BF4-4F7A-9F5C-BD19B87C9AA9}
		{C467BB5A-D51E-4C8C-8C8E-F3BC19AA1BBF} = {E8D336AC-9BF4-4F7A-9F5C-BD19B87C9AA9}
		{D86CC0FD-C394-4837-BB15-192F6B0EEADB} = {E8D336AC-9BF4-4F7A-9F5C-BD19B87C9AA9}
		{7114D2F2-3346-428D-9F14-F0468FF92258} = {E8D336AC-9BF4-4F7A-9F5C-BD19B87C9AA9}
		{A4524BBD-1AE5-4D01-B172-0E547470BABD} = {E8D336AC-9BF4-4F7A-9F5C-BD19B87C9AA9}
	EndGlobalSection
	GlobalSection(ExtensibilityGlobals) = postSolution
		SolutionGuid = {5E427D60-9B2F-4A28-8A3B-A2EA92F5AAD9}
	EndGlobalSection
	GlobalSection(MonoDevelopProperties) = preSolution
		Policies = $0
		$0.DotNetNamingPolicy = $1
		$0.StandardHeader = $2
		$0.VersionControlPolicy = $3
		$0.TextStylePolicy = $4
		$4.FileWidth = 80
		$4.scope = text/x-csharp
		$0.CSharpFormattingPolicy = $5
		$5.scope = text/x-csharp
	EndGlobalSection
EndGlobal
